
Microsoft Visual Studio Solution File, Format Version 12.00
# Visual Studio 15
Project("{FAE04EC0-301F-11D3-BF4B-00C04F79EFBC}") = "CW.Common", "CW.Common.csproj", "{DD49CA90-9CCC-A486-8141-119A1FC6ABCD}"
EndProject
Project("{FAE04EC0-301F-11D3-BF4B-00C04F79EFBC}") = "LeanTouch", "LeanTouch.csproj", "{90C10598-BEE6-2FEA-2250-ADA5C309C30E}"
EndProject
Project("{FAE04EC0-301F-11D3-BF4B-00C04F79EFBC}") = "Assembly-CSharp", "Assembly-CSharp.csproj", "{44328E94-DDE9-6B01-0EDC-442D24C916FD}"
EndProject
Project("{FAE04EC0-301F-11D3-BF4B-00C04F79EFBC}") = "LeanCommon", "LeanCommon.csproj", "{558217BE-1CD4-ECD8-2568-38F812331492}"
EndProject
Project("{FAE04EC0-301F-11D3-BF4B-00C04F79EFBC}") = "Assembly-CSharp-Editor", "Assembly-CSharp-Editor.csproj", "{AAEEE61C-068C-F9D0-B620-744A16E07D90}"
EndProject
Global
	GlobalSection(SolutionConfigurationPlatforms) = preSolution
		Debug|Any CPU = Debug|Any CPU
		Release|Any CPU = Release|Any CPU
	EndGlobalSection
	GlobalSection(ProjectConfigurationPlatforms) = postSolution
		{DD49CA90-9CCC-A486-8141-119A1FC6ABCD}.Debug|Any CPU.ActiveCfg = Debug|Any CPU
		{DD49CA90-9CCC-A486-8141-119A1FC6ABCD}.Debug|Any CPU.Build.0 = Debug|Any CPU
		{DD49CA90-9CCC-A486-8141-119A1FC6ABCD}.Release|Any CPU.ActiveCfg = Release|Any CPU
		{DD49CA90-9CCC-A486-8141-119A1FC6ABCD}.Release|Any CPU.Build.0 = Release|Any CPU
		{90C10598-BEE6-2FEA-2250-ADA5C309C30E}.Debug|Any CPU.ActiveCfg = Debug|Any CPU
		{90C10598-BEE6-2FEA-2250-ADA5C309C30E}.Debug|Any CPU.Build.0 = Debug|Any CPU
		{90C10598-BEE6-2FEA-2250-ADA5C309C30E}.Release|Any CPU.ActiveCfg = Release|Any CPU
		{90C10598-BEE6-2FEA-2250-ADA5C309C30E}.Release|Any CPU.Build.0 = Release|Any CPU
		{44328E94-DDE9-6B01-0EDC-442D24C916FD}.Debug|Any CPU.ActiveCfg = Debug|Any CPU
		{44328E94-DDE9-6B01-0EDC-442D24C916FD}.Debug|Any CPU.Build.0 = Debug|Any CPU
		{44328E94-DDE9-6B01-0EDC-442D24C916FD}.Release|Any CPU.ActiveCfg = Release|Any CPU
		{44328E94-DDE9-6B01-0EDC-442D24C916FD}.Release|Any CPU.Build.0 = Release|Any CPU
		{558217BE-1CD4-ECD8-2568-38F812331492}.Debug|Any CPU.ActiveCfg = Debug|Any CPU
		{558217BE-1CD4-ECD8-2568-38F812331492}.Debug|Any CPU.Build.0 = Debug|Any CPU
		{558217BE-1CD4-ECD8-2568-38F812331492}.Release|Any CPU.ActiveCfg = Release|Any CPU
		{558217BE-1CD4-ECD8-2568-38F812331492}.Release|Any CPU.Build.0 = Release|Any CPU
		{AAEEE61C-068C-F9D0-B620-744A16E07D90}.Debug|Any CPU.ActiveCfg = Debug|Any CPU
		{AAEEE61C-068C-F9D0-B620-744A16E07D90}.Debug|Any CPU.Build.0 = Debug|Any CPU
		{AAEEE61C-068C-F9D0-B620-744A16E07D90}.Release|Any CPU.ActiveCfg = Release|Any CPU
		{AAEEE61C-068C-F9D0-B620-744A16E07D90}.Release|Any CPU.Build.0 = Release|Any CPU
	EndGlobalSection
	GlobalSection(SolutionProperties) = preSolution
		HideSolutionNode = FALSE
	EndGlobalSection
EndGlobal
